
Microsoft Visual Studio Solution File, Format Version 12.00
# Visual Studio Version 16
VisualStudioVersion = 16.0.29102.190
MinimumVisualStudioVersion = 10.0.40219.1
Project("{9A19103F-16F7-4668-BE54-9A1E7A4F7556}") = "PerFiBot.Bot", "PerFiBot.Bot\PerFiBot.Bot.csproj", "{A1B5526E-0C35-4DFC-B1BA-EF67B606F37E}"
EndProject
Global
	GlobalSection(SolutionConfigurationPlatforms) = preSolution
		Debug|Any CPU = Debug|Any CPU
		Release|Any CPU = Release|Any CPU
	EndGlobalSection
	GlobalSection(ProjectConfigurationPlatforms) = postSolution
		{A1B5526E-0C35-4DFC-B1BA-EF67B606F37E}.Debug|Any CPU.ActiveCfg = Debug|Any CPU
		{A1B5526E-0C35-4DFC-B1BA-EF67B606F37E}.Debug|Any CPU.Build.0 = Debug|Any CPU
		{A1B5526E-0C35-4DFC-B1BA-EF67B606F37E}.Release|Any CPU.ActiveCfg = Release|Any CPU
		{A1B5526E-0C35-4DFC-B1BA-EF67B606F37E}.Release|Any CPU.Build.0 = Release|Any CPU
	EndGlobalSection
	GlobalSection(SolutionProperties) = preSolution
		HideSolutionNode = FALSE
	EndGlobalSection
	GlobalSection(ExtensibilityGlobals) = postSolution
		SolutionGuid = {DCDA242F-951F-45FE-83B8-757137C2BFAF}
	EndGlobalSection
EndGlobal
